
Microsoft Visual Studio Solution File, Format Version 12.00
# Visual Studio Version 17
VisualStudioVersion = 17.14.36414.22 d17.14
MinimumVisualStudioVersion = 10.0.40219.1
Project("{F184B08F-C81C-45F6-A57F-5ABD9991F28F}") = "Laboratorio_10-1", "Laboratorio_10-1\Laboratorio_10-1.vbproj", "{C71A57FD-EEEA-403D-AEF1-010C595D267D}"
EndProject
Global
	GlobalSection(SolutionConfigurationPlatforms) = preSolution
		Debug|Any CPU = Debug|Any CPU
		Release|Any CPU = Release|Any CPU
	EndGlobalSection
	GlobalSection(ProjectConfigurationPlatforms) = postSolution
		{C71A57FD-EEEA-403D-AEF1-010C595D267D}.Debug|Any CPU.ActiveCfg = Debug|Any CPU
		{C71A57FD-EEEA-403D-AEF1-010C595D267D}.Debug|Any CPU.Build.0 = Debug|Any CPU
		{C71A57FD-EEEA-403D-AEF1-010C595D267D}.Release|Any CPU.ActiveCfg = Release|Any CPU
		{C71A57FD-EEEA-403D-AEF1-010C595D267D}.Release|Any CPU.Build.0 = Release|Any CPU
	EndGlobalSection
	GlobalSection(SolutionProperties) = preSolution
		HideSolutionNode = FALSE
	EndGlobalSection
	GlobalSection(ExtensibilityGlobals) = postSolution
		SolutionGuid = {FE95AE4E-9806-4BF5-868C-0F025576DE99}
	EndGlobalSection
EndGlobal
