
Microsoft Visual Studio Solution File, Format Version 12.00
# Visual Studio Version 17
VisualStudioVersion = 17.14.36414.22 d17.14
MinimumVisualStudioVersion = 10.0.40219.1
Project("{FAE04EC0-301F-11D3-BF4B-00C04F79EFBC}") = "Laboratorio_3", "Laboratorio_3\Laboratorio_3.csproj", "{6EB10D98-52A6-4434-8297-414CF15EDC4D}"
EndProject
Project("{FAE04EC0-301F-11D3-BF4B-00C04F79EFBC}") = "Laboratorio_31", "Laboratorio_31\Laboratorio_31.csproj", "{09F786B4-381A-4C66-96AF-8E54B4C5DCC2}"
EndProject
Project("{FAE04EC0-301F-11D3-BF4B-00C04F79EFBC}") = "laboratorio_32", "laboratorio_32\laboratorio_32.csproj", "{2BB3A5E4-3C7F-418D-8D4C-041EAA49E6F2}"
EndProject
Project("{FAE04EC0-301F-11D3-BF4B-00C04F79EFBC}") = "Laboratorio_33", "Laboratorio_33\Laboratorio_33.csproj", "{9FBE2F72-5360-493D-8732-116F340E4315}"
EndProject
Global
	GlobalSection(SolutionConfigurationPlatforms) = preSolution
		Debug|Any CPU = Debug|Any CPU
		Release|Any CPU = Release|Any CPU
	EndGlobalSection
	GlobalSection(ProjectConfigurationPlatforms) = postSolution
		{6EB10D98-52A6-4434-8297-414CF15EDC4D}.Debug|Any CPU.ActiveCfg = Debug|Any CPU
		{6EB10D98-52A6-4434-8297-414CF15EDC4D}.Debug|Any CPU.Build.0 = Debug|Any CPU
		{6EB10D98-52A6-4434-8297-414CF15EDC4D}.Release|Any CPU.ActiveCfg = Release|Any CPU
		{6EB10D98-52A6-4434-8297-414CF15EDC4D}.Release|Any CPU.Build.0 = Release|Any CPU
		{09F786B4-381A-4C66-96AF-8E54B4C5DCC2}.Debug|Any CPU.ActiveCfg = Debug|Any CPU
		{09F786B4-381A-4C66-96AF-8E54B4C5DCC2}.Debug|Any CPU.Build.0 = Debug|Any CPU
		{09F786B4-381A-4C66-96AF-8E54B4C5DCC2}.Release|Any CPU.ActiveCfg = Release|Any CPU
		{09F786B4-381A-4C66-96AF-8E54B4C5DCC2}.Release|Any CPU.Build.0 = Release|Any CPU
		{2BB3A5E4-3C7F-418D-8D4C-041EAA49E6F2}.Debug|Any CPU.ActiveCfg = Debug|Any CPU
		{2BB3A5E4-3C7F-418D-8D4C-041EAA49E6F2}.Debug|Any CPU.Build.0 = Debug|Any CPU
		{2BB3A5E4-3C7F-418D-8D4C-041EAA49E6F2}.Release|Any CPU.ActiveCfg = Release|Any CPU
		{2BB3A5E4-3C7F-418D-8D4C-041EAA49E6F2}.Release|Any CPU.Build.0 = Release|Any CPU
		{9FBE2F72-5360-493D-8732-116F340E4315}.Debug|Any CPU.ActiveCfg = Debug|Any CPU
		{9FBE2F72-5360-493D-8732-116F340E4315}.Debug|Any CPU.Build.0 = Debug|Any CPU
		{9FBE2F72-5360-493D-8732-116F340E4315}.Release|Any CPU.ActiveCfg = Release|Any CPU
		{9FBE2F72-5360-493D-8732-116F340E4315}.Release|Any CPU.Build.0 = Release|Any CPU
	EndGlobalSection
	GlobalSection(SolutionProperties) = preSolution
		HideSolutionNode = FALSE
	EndGlobalSection
	GlobalSection(ExtensibilityGlobals) = postSolution
		SolutionGuid = {346FBFC6-F96C-4046-851A-318672234939}
	EndGlobalSection
EndGlobal
